
Microsoft Visual Studio Solution File, Format Version 12.00
# Visual Studio Version 17
VisualStudioVersion = 17.9.34728.123
MinimumVisualStudioVersion = 10.0.40219.1
Project("{2150E333-8FDC-42A3-9474-1A3956D46DE8}") = "01", "01", "{359C4D74-E187-40D0-859A-0E5D643E1CDE}"
EndProject
Project("{9A19103F-16F7-4668-BE54-9A1E7A4F7556}") = "ConsoleApp01", "ConsoleApp01\ConsoleApp01.csproj", "{7BD5E37F-3E63-4F9B-915E-0C7D47992764}"
EndProject
Project("{2150E333-8FDC-42A3-9474-1A3956D46DE8}") = "02", "02", "{7B0C0B05-7BC9-4E28-8B5F-9A5861D8BBBB}"
EndProject
Project("{9A19103F-16F7-4668-BE54-9A1E7A4F7556}") = "ConsoleApp02.consola", "ConsoleApp02.consola\ConsoleApp02.consola.csproj", "{6848F9B2-9361-4FFE-9012-4892F8CCC683}"
EndProject
Project("{2150E333-8FDC-42A3-9474-1A3956D46DE8}") = "03", "03", "{31A32F29-1569-466B-BC30-7EC75A9C7B4B}"
EndProject
Project("{9A19103F-16F7-4668-BE54-9A1E7A4F7556}") = "ConsoleApp03.consola", "ConsoleApp03.consola\ConsoleApp03.consola.csproj", "{4F216204-6BD9-4E0D-86DA-91F1150FC061}"
EndProject
Project("{2150E333-8FDC-42A3-9474-1A3956D46DE8}") = "04", "04", "{D174A9C5-38EC-498C-BC83-FF35F82E0088}"
EndProject
Project("{9A19103F-16F7-4668-BE54-9A1E7A4F7556}") = "ConsoleApp04.Consola", "ConsoleApp04.Consola\ConsoleApp04.Consola.csproj", "{B0BFD5E8-9A14-47D8-8FB8-45633F71F137}"
EndProject
Project("{2150E333-8FDC-42A3-9474-1A3956D46DE8}") = "05", "05", "{AB956A76-C458-4392-87A0-1ECE2B95F13C}"
EndProject
Project("{9A19103F-16F7-4668-BE54-9A1E7A4F7556}") = "ConsoleApp05.Consola", "ConsoleApp05.Consola\ConsoleApp05.Consola.csproj", "{DE594B05-85E2-4844-9DAF-0679A4D5A097}"
EndProject
Project("{2150E333-8FDC-42A3-9474-1A3956D46DE8}") = "06", "06", "{831E39C8-9516-47E7-8C76-1CA52F3917CB}"
EndProject
Project("{9A19103F-16F7-4668-BE54-9A1E7A4F7556}") = "ConsoleApp06.Consola", "ConsoleApp06.Consola\ConsoleApp06.Consola.csproj", "{DC25E326-0F9F-4409-AB03-2C043F82C1F7}"
EndProject
Project("{9A19103F-16F7-4668-BE54-9A1E7A4F7556}") = "ConsoleApp06biss.consola", "ConsoleApp06biss.consola\ConsoleApp06biss.consola.csproj", "{A3DB53E0-FA42-4E65-B3F4-54F22F2C4F7A}"
EndProject
Project("{2150E333-8FDC-42A3-9474-1A3956D46DE8}") = "09", "09", "{8A57EFD6-C301-4E26-9AB0-FDA1A036A324}"
EndProject
Project("{FAE04EC0-301F-11D3-BF4B-00C04F79EFBC}") = "ConsoleApp09.Consola", "ConsoleApp09.Consola\ConsoleApp09.Consola.csproj", "{5C6F0E6F-0AC5-410F-BEAD-4F4009078EE8}"
EndProject
Project("{2150E333-8FDC-42A3-9474-1A3956D46DE8}") = "07", "07", "{709F979F-0B4B-4D52-BB1E-039E8FFE8EE9}"
EndProject
Project("{FAE04EC0-301F-11D3-BF4B-00C04F79EFBC}") = "ConsoleApp07", "ConsoleApp07\ConsoleApp07.csproj", "{6C39F3A8-4ED5-44C0-B732-9C6168615F98}"
EndProject
Project("{2150E333-8FDC-42A3-9474-1A3956D46DE8}") = "08", "08", "{8CE2E6AC-39FC-4C3E-AA15-7996175A0F0E}"
EndProject
Project("{FAE04EC0-301F-11D3-BF4B-00C04F79EFBC}") = "ConsoleApp08.Consola", "ConsoleApp08.Consola\ConsoleApp08.Consola.csproj", "{EA4E5C57-A85C-48F9-ABEE-AE0FD639EA85}"
EndProject
Project("{2150E333-8FDC-42A3-9474-1A3956D46DE8}") = "10", "10", "{7DE026B9-EA13-44F7-9CAD-7A1DFC6C0FCC}"
EndProject
Project("{FAE04EC0-301F-11D3-BF4B-00C04F79EFBC}") = "ConsoleApp10.Consola", "ConsoleApp10.Consola\ConsoleApp10.Consola.csproj", "{7296B5B2-B89F-4DB4-BB91-EC89CE623B54}"
EndProject
Project("{2150E333-8FDC-42A3-9474-1A3956D46DE8}") = "11", "11", "{6AC525CE-910D-4FCB-9F09-9D01137E13D4}"
EndProject
Project("{FAE04EC0-301F-11D3-BF4B-00C04F79EFBC}") = "ConsoleApp11.Consola", "ConsoleApp11.Consola\ConsoleApp11.Consola.csproj", "{56CA5A88-7CA5-442E-A5B7-9B1243B01F1C}"
EndProject
Global
	GlobalSection(SolutionConfigurationPlatforms) = preSolution
		Debug|Any CPU = Debug|Any CPU
		Release|Any CPU = Release|Any CPU
	EndGlobalSection
	GlobalSection(ProjectConfigurationPlatforms) = postSolution
		{7BD5E37F-3E63-4F9B-915E-0C7D47992764}.Debug|Any CPU.ActiveCfg = Debug|Any CPU
		{7BD5E37F-3E63-4F9B-915E-0C7D47992764}.Debug|Any CPU.Build.0 = Debug|Any CPU
		{7BD5E37F-3E63-4F9B-915E-0C7D47992764}.Release|Any CPU.ActiveCfg = Release|Any CPU
		{7BD5E37F-3E63-4F9B-915E-0C7D47992764}.Release|Any CPU.Build.0 = Release|Any CPU
		{6848F9B2-9361-4FFE-9012-4892F8CCC683}.Debug|Any CPU.ActiveCfg = Debug|Any CPU
		{6848F9B2-9361-4FFE-9012-4892F8CCC683}.Debug|Any CPU.Build.0 = Debug|Any CPU
		{6848F9B2-9361-4FFE-9012-4892F8CCC683}.Release|Any CPU.ActiveCfg = Release|Any CPU
		{6848F9B2-9361-4FFE-9012-4892F8CCC683}.Release|Any CPU.Build.0 = Release|Any CPU
		{4F216204-6BD9-4E0D-86DA-91F1150FC061}.Debug|Any CPU.ActiveCfg = Debug|Any CPU
		{4F216204-6BD9-4E0D-86DA-91F1150FC061}.Debug|Any CPU.Build.0 = Debug|Any CPU
		{4F216204-6BD9-4E0D-86DA-91F1150FC061}.Release|Any CPU.ActiveCfg = Release|Any CPU
		{4F216204-6BD9-4E0D-86DA-91F1150FC061}.Release|Any CPU.Build.0 = Release|Any CPU
		{B0BFD5E8-9A14-47D8-8FB8-45633F71F137}.Debug|Any CPU.ActiveCfg = Debug|Any CPU
		{B0BFD5E8-9A14-47D8-8FB8-45633F71F137}.Debug|Any CPU.Build.0 = Debug|Any CPU
		{B0BFD5E8-9A14-47D8-8FB8-45633F71F137}.Release|Any CPU.ActiveCfg = Release|Any CPU
		{B0BFD5E8-9A14-47D8-8FB8-45633F71F137}.Release|Any CPU.Build.0 = Release|Any CPU
		{DE594B05-85E2-4844-9DAF-0679A4D5A097}.Debug|Any CPU.ActiveCfg = Debug|Any CPU
		{DE594B05-85E2-4844-9DAF-0679A4D5A097}.Debug|Any CPU.Build.0 = Debug|Any CPU
		{DE594B05-85E2-4844-9DAF-0679A4D5A097}.Release|Any CPU.ActiveCfg = Release|Any CPU
		{DE594B05-85E2-4844-9DAF-0679A4D5A097}.Release|Any CPU.Build.0 = Release|Any CPU
		{DC25E326-0F9F-4409-AB03-2C043F82C1F7}.Debug|Any CPU.ActiveCfg = Debug|Any CPU
		{DC25E326-0F9F-4409-AB03-2C043F82C1F7}.Debug|Any CPU.Build.0 = Debug|Any CPU
		{DC25E326-0F9F-4409-AB03-2C043F82C1F7}.Release|Any CPU.ActiveCfg = Release|Any CPU
		{DC25E326-0F9F-4409-AB03-2C043F82C1F7}.Release|Any CPU.Build.0 = Release|Any CPU
		{A3DB53E0-FA42-4E65-B3F4-54F22F2C4F7A}.Debug|Any CPU.ActiveCfg = Debug|Any CPU
		{A3DB53E0-FA42-4E65-B3F4-54F22F2C4F7A}.Debug|Any CPU.Build.0 = Debug|Any CPU
		{A3DB53E0-FA42-4E65-B3F4-54F22F2C4F7A}.Release|Any CPU.ActiveCfg = Release|Any CPU
		{A3DB53E0-FA42-4E65-B3F4-54F22F2C4F7A}.Release|Any CPU.Build.0 = Release|Any CPU
		{5C6F0E6F-0AC5-410F-BEAD-4F4009078EE8}.Debug|Any CPU.ActiveCfg = Debug|Any CPU
		{5C6F0E6F-0AC5-410F-BEAD-4F4009078EE8}.Debug|Any CPU.Build.0 = Debug|Any CPU
		{5C6F0E6F-0AC5-410F-BEAD-4F4009078EE8}.Release|Any CPU.ActiveCfg = Release|Any CPU
		{5C6F0E6F-0AC5-410F-BEAD-4F4009078EE8}.Release|Any CPU.Build.0 = Release|Any CPU
		{6C39F3A8-4ED5-44C0-B732-9C6168615F98}.Debug|Any CPU.ActiveCfg = Debug|Any CPU
		{6C39F3A8-4ED5-44C0-B732-9C6168615F98}.Debug|Any CPU.Build.0 = Debug|Any CPU
		{6C39F3A8-4ED5-44C0-B732-9C6168615F98}.Release|Any CPU.ActiveCfg = Release|Any CPU
		{6C39F3A8-4ED5-44C0-B732-9C6168615F98}.Release|Any CPU.Build.0 = Release|Any CPU
		{EA4E5C57-A85C-48F9-ABEE-AE0FD639EA85}.Debug|Any CPU.ActiveCfg = Debug|Any CPU
		{EA4E5C57-A85C-48F9-ABEE-AE0FD639EA85}.Debug|Any CPU.Build.0 = Debug|Any CPU
		{EA4E5C57-A85C-48F9-ABEE-AE0FD639EA85}.Release|Any CPU.ActiveCfg = Release|Any CPU
		{EA4E5C57-A85C-48F9-ABEE-AE0FD639EA85}.Release|Any CPU.Build.0 = Release|Any CPU
		{7296B5B2-B89F-4DB4-BB91-EC89CE623B54}.Debug|Any CPU.ActiveCfg = Debug|Any CPU
		{7296B5B2-B89F-4DB4-BB91-EC89CE623B54}.Debug|Any CPU.Build.0 = Debug|Any CPU
		{7296B5B2-B89F-4DB4-BB91-EC89CE623B54}.Release|Any CPU.ActiveCfg = Release|Any CPU
		{7296B5B2-B89F-4DB4-BB91-EC89CE623B54}.Release|Any CPU.Build.0 = Release|Any CPU
		{56CA5A88-7CA5-442E-A5B7-9B1243B01F1C}.Debug|Any CPU.ActiveCfg = Debug|Any CPU
		{56CA5A88-7CA5-442E-A5B7-9B1243B01F1C}.Debug|Any CPU.Build.0 = Debug|Any CPU
		{56CA5A88-7CA5-442E-A5B7-9B1243B01F1C}.Release|Any CPU.ActiveCfg = Release|Any CPU
		{56CA5A88-7CA5-442E-A5B7-9B1243B01F1C}.Release|Any CPU.Build.0 = Release|Any CPU
	EndGlobalSection
	GlobalSection(SolutionProperties) = preSolution
		HideSolutionNode = FALSE
	EndGlobalSection
	GlobalSection(NestedProjects) = preSolution
		{7BD5E37F-3E63-4F9B-915E-0C7D47992764} = {359C4D74-E187-40D0-859A-0E5D643E1CDE}
		{6848F9B2-9361-4FFE-9012-4892F8CCC683} = {7B0C0B05-7BC9-4E28-8B5F-9A5861D8BBBB}
		{4F216204-6BD9-4E0D-86DA-91F1150FC061} = {31A32F29-1569-466B-BC30-7EC75A9C7B4B}
		{B0BFD5E8-9A14-47D8-8FB8-45633F71F137} = {D174A9C5-38EC-498C-BC83-FF35F82E0088}
		{DE594B05-85E2-4844-9DAF-0679A4D5A097} = {AB956A76-C458-4392-87A0-1ECE2B95F13C}
		{DC25E326-0F9F-4409-AB03-2C043F82C1F7} = {831E39C8-9516-47E7-8C76-1CA52F3917CB}
		{A3DB53E0-FA42-4E65-B3F4-54F22F2C4F7A} = {831E39C8-9516-47E7-8C76-1CA52F3917CB}
		{5C6F0E6F-0AC5-410F-BEAD-4F4009078EE8} = {8A57EFD6-C301-4E26-9AB0-FDA1A036A324}
		{6C39F3A8-4ED5-44C0-B732-9C6168615F98} = {709F979F-0B4B-4D52-BB1E-039E8FFE8EE9}
		{EA4E5C57-A85C-48F9-ABEE-AE0FD639EA85} = {8CE2E6AC-39FC-4C3E-AA15-7996175A0F0E}
		{7296B5B2-B89F-4DB4-BB91-EC89CE623B54} = {7DE026B9-EA13-44F7-9CAD-7A1DFC6C0FCC}
		{56CA5A88-7CA5-442E-A5B7-9B1243B01F1C} = {6AC525CE-910D-4FCB-9F09-9D01137E13D4}
	EndGlobalSection
	GlobalSection(ExtensibilityGlobals) = postSolution
		SolutionGuid = {D5E4144F-BE6B-4293-B527-672F448844FE}
	EndGlobalSection
EndGlobal
